
Microsoft Visual Studio Solution File, Format Version 12.00
# Visual Studio 15
VisualStudioVersion = 15.0.27428.2043
MinimumVisualStudioVersion = 10.0.40219.1
Project("{9A19103F-16F7-4668-BE54-9A1E7A4F7556}") = "Miki.Api", "Miki.Api\Miki.Api.csproj", "{543F228B-5391-4D5F-B51C-B5F142A35E53}"
EndProject
Project("{9A19103F-16F7-4668-BE54-9A1E7A4F7556}") = "Miki", "Miki\Miki.csproj", "{47D35B14-7C48-4E30-A0B6-B1B94304FD56}"
EndProject
Project("{9A19103F-16F7-4668-BE54-9A1E7A4F7556}") = "Miki.Framework", "..\Miki.Framework\Miki.Framework\Miki.Framework.csproj", "{226342BD-FA54-4096-BF95-A6D89B05347E}"
EndProject
Project("{9A19103F-16F7-4668-BE54-9A1E7A4F7556}") = "Miki.Rest", "..\Miki.Rest\Miki.Rest\Miki.Rest.csproj", "{6E0B6965-CC63-4060-B00F-FFCFBFD73418}"
EndProject
Project("{2150E333-8FDC-42A3-9474-1A3956D46DE8}") = "Discord", "Discord", "{85096F47-C1AA-46EC-A460-E9E09F9216AF}"
EndProject
Project("{9A19103F-16F7-4668-BE54-9A1E7A4F7556}") = "Miki.Discord", "..\Miki.Discord\Miki.Discord\Miki.Discord.csproj", "{EA983525-DBAD-407C-BC7A-39878EA46EEC}"
EndProject
Project("{9A19103F-16F7-4668-BE54-9A1E7A4F7556}") = "Miki.Discord.Caching", "..\Miki.Discord\Miki.Discord.Caching\Miki.Discord.Caching.csproj", "{0999E9CD-09EB-4C2E-825E-CFF957A1ECE3}"
EndProject
Project("{9A19103F-16F7-4668-BE54-9A1E7A4F7556}") = "Miki.Discord.Common", "..\Miki.Discord\Miki.Discord.Common\Miki.Discord.Common.csproj", "{813ADA8A-525F-4186-8F43-B9811CD8E8A4}"
EndProject
Project("{9A19103F-16F7-4668-BE54-9A1E7A4F7556}") = "Miki.Discord.Rest", "..\Miki.Discord\Miki.Discord.Rest\Miki.Discord.Rest.csproj", "{B0FF67A9-69C0-4630-8E90-1CE14F3C549E}"
EndProject
Project("{9A19103F-16F7-4668-BE54-9A1E7A4F7556}") = "Miki.Discord.Messaging", "..\Miki.Discord\Miki.Discord.Messaging\Miki.Discord.Messaging.csproj", "{A50D2C5F-4037-4E79-B1C7-866D2EBD2688}"
EndProject
Global
	GlobalSection(SolutionConfigurationPlatforms) = preSolution
		Debug|Any CPU = Debug|Any CPU
		Debug|x64 = Debug|x64
		Release|Any CPU = Release|Any CPU
		Release|x64 = Release|x64
	EndGlobalSection
	GlobalSection(ProjectConfigurationPlatforms) = postSolution
		{543F228B-5391-4D5F-B51C-B5F142A35E53}.Debug|Any CPU.ActiveCfg = Debug|Any CPU
		{543F228B-5391-4D5F-B51C-B5F142A35E53}.Debug|Any CPU.Build.0 = Debug|Any CPU
		{543F228B-5391-4D5F-B51C-B5F142A35E53}.Debug|x64.ActiveCfg = Debug|Any CPU
		{543F228B-5391-4D5F-B51C-B5F142A35E53}.Debug|x64.Build.0 = Debug|Any CPU
		{543F228B-5391-4D5F-B51C-B5F142A35E53}.Release|Any CPU.ActiveCfg = Release|Any CPU
		{543F228B-5391-4D5F-B51C-B5F142A35E53}.Release|Any CPU.Build.0 = Release|Any CPU
		{543F228B-5391-4D5F-B51C-B5F142A35E53}.Release|x64.ActiveCfg = Release|Any CPU
		{543F228B-5391-4D5F-B51C-B5F142A35E53}.Release|x64.Build.0 = Release|Any CPU
		{47D35B14-7C48-4E30-A0B6-B1B94304FD56}.Debug|Any CPU.ActiveCfg = Debug|Any CPU
		{47D35B14-7C48-4E30-A0B6-B1B94304FD56}.Debug|Any CPU.Build.0 = Debug|Any CPU
		{47D35B14-7C48-4E30-A0B6-B1B94304FD56}.Debug|x64.ActiveCfg = Debug|Any CPU
		{47D35B14-7C48-4E30-A0B6-B1B94304FD56}.Debug|x64.Build.0 = Debug|Any CPU
		{47D35B14-7C48-4E30-A0B6-B1B94304FD56}.Release|Any CPU.ActiveCfg = Release|Any CPU
		{47D35B14-7C48-4E30-A0B6-B1B94304FD56}.Release|Any CPU.Build.0 = Release|Any CPU
		{47D35B14-7C48-4E30-A0B6-B1B94304FD56}.Release|x64.ActiveCfg = Release|Any CPU
		{47D35B14-7C48-4E30-A0B6-B1B94304FD56}.Release|x64.Build.0 = Release|Any CPU
		{226342BD-FA54-4096-BF95-A6D89B05347E}.Debug|Any CPU.ActiveCfg = Debug|Any CPU
		{226342BD-FA54-4096-BF95-A6D89B05347E}.Debug|Any CPU.Build.0 = Debug|Any CPU
		{226342BD-FA54-4096-BF95-A6D89B05347E}.Debug|x64.ActiveCfg = Debug|Any CPU
		{226342BD-FA54-4096-BF95-A6D89B05347E}.Debug|x64.Build.0 = Debug|Any CPU
		{226342BD-FA54-4096-BF95-A6D89B05347E}.Release|Any CPU.ActiveCfg = Release|Any CPU
		{226342BD-FA54-4096-BF95-A6D89B05347E}.Release|Any CPU.Build.0 = Release|Any CPU
		{226342BD-FA54-4096-BF95-A6D89B05347E}.Release|x64.ActiveCfg = Release|Any CPU
		{226342BD-FA54-4096-BF95-A6D89B05347E}.Release|x64.Build.0 = Release|Any CPU
		{6E0B6965-CC63-4060-B00F-FFCFBFD73418}.Debug|Any CPU.ActiveCfg = Debug|Any CPU
		{6E0B6965-CC63-4060-B00F-FFCFBFD73418}.Debug|Any CPU.Build.0 = Debug|Any CPU
		{6E0B6965-CC63-4060-B00F-FFCFBFD73418}.Debug|x64.ActiveCfg = Debug|Any CPU
		{6E0B6965-CC63-4060-B00F-FFCFBFD73418}.Debug|x64.Build.0 = Debug|Any CPU
		{6E0B6965-CC63-4060-B00F-FFCFBFD73418}.Release|Any CPU.ActiveCfg = Release|Any CPU
		{6E0B6965-CC63-4060-B00F-FFCFBFD73418}.Release|Any CPU.Build.0 = Release|Any CPU
		{6E0B6965-CC63-4060-B00F-FFCFBFD73418}.Release|x64.ActiveCfg = Release|Any CPU
		{6E0B6965-CC63-4060-B00F-FFCFBFD73418}.Release|x64.Build.0 = Release|Any CPU
		{EA983525-DBAD-407C-BC7A-39878EA46EEC}.Debug|Any CPU.ActiveCfg = Debug|Any CPU
		{EA983525-DBAD-407C-BC7A-39878EA46EEC}.Debug|Any CPU.Build.0 = Debug|Any CPU
		{EA983525-DBAD-407C-BC7A-39878EA46EEC}.Debug|x64.ActiveCfg = Debug|Any CPU
		{EA983525-DBAD-407C-BC7A-39878EA46EEC}.Debug|x64.Build.0 = Debug|Any CPU
		{EA983525-DBAD-407C-BC7A-39878EA46EEC}.Release|Any CPU.ActiveCfg = Release|Any CPU
		{EA983525-DBAD-407C-BC7A-39878EA46EEC}.Release|Any CPU.Build.0 = Release|Any CPU
		{EA983525-DBAD-407C-BC7A-39878EA46EEC}.Release|x64.ActiveCfg = Release|Any CPU
		{EA983525-DBAD-407C-BC7A-39878EA46EEC}.Release|x64.Build.0 = Release|Any CPU
		{0999E9CD-09EB-4C2E-825E-CFF957A1ECE3}.Debug|Any CPU.ActiveCfg = Debug|Any CPU
		{0999E9CD-09EB-4C2E-825E-CFF957A1ECE3}.Debug|Any CPU.Build.0 = Debug|Any CPU
		{0999E9CD-09EB-4C2E-825E-CFF957A1ECE3}.Debug|x64.ActiveCfg = Debug|Any CPU
		{0999E9CD-09EB-4C2E-825E-CFF957A1ECE3}.Debug|x64.Build.0 = Debug|Any CPU
		{0999E9CD-09EB-4C2E-825E-CFF957A1ECE3}.Release|Any CPU.ActiveCfg = Release|Any CPU
		{0999E9CD-09EB-4C2E-825E-CFF957A1ECE3}.Release|Any CPU.Build.0 = Release|Any CPU
		{0999E9CD-09EB-4C2E-825E-CFF957A1ECE3}.Release|x64.ActiveCfg = Release|Any CPU
		{0999E9CD-09EB-4C2E-825E-CFF957A1ECE3}.Release|x64.Build.0 = Release|Any CPU
		{813ADA8A-525F-4186-8F43-B9811CD8E8A4}.Debug|Any CPU.ActiveCfg = Debug|Any CPU
		{813ADA8A-525F-4186-8F43-B9811CD8E8A4}.Debug|Any CPU.Build.0 = Debug|Any CPU
		{813ADA8A-525F-4186-8F43-B9811CD8E8A4}.Debug|x64.ActiveCfg = Debug|Any CPU
		{813ADA8A-525F-4186-8F43-B9811CD8E8A4}.Debug|x64.Build.0 = Debug|Any CPU
		{813ADA8A-525F-4186-8F43-B9811CD8E8A4}.Release|Any CPU.ActiveCfg = Release|Any CPU
		{813ADA8A-525F-4186-8F43-B9811CD8E8A4}.Release|Any CPU.Build.0 = Release|Any CPU
		{813ADA8A-525F-4186-8F43-B9811CD8E8A4}.Release|x64.ActiveCfg = Release|Any CPU
		{813ADA8A-525F-4186-8F43-B9811CD8E8A4}.Release|x64.Build.0 = Release|Any CPU
		{B0FF67A9-69C0-4630-8E90-1CE14F3C549E}.Debug|Any CPU.ActiveCfg = Debug|Any CPU
		{B0FF67A9-69C0-4630-8E90-1CE14F3C549E}.Debug|Any CPU.Build.0 = Debug|Any CPU
		{B0FF67A9-69C0-4630-8E90-1CE14F3C549E}.Debug|x64.ActiveCfg = Debug|Any CPU
		{B0FF67A9-69C0-4630-8E90-1CE14F3C549E}.Debug|x64.Build.0 = Debug|Any CPU
		{B0FF67A9-69C0-4630-8E90-1CE14F3C549E}.Release|Any CPU.ActiveCfg = Release|Any CPU
		{B0FF67A9-69C0-4630-8E90-1CE14F3C549E}.Release|Any CPU.Build.0 = Release|Any CPU
		{B0FF67A9-69C0-4630-8E90-1CE14F3C549E}.Release|x64.ActiveCfg = Release|Any CPU
		{B0FF67A9-69C0-4630-8E90-1CE14F3C549E}.Release|x64.Build.0 = Release|Any CPU
		{A50D2C5F-4037-4E79-B1C7-866D2EBD2688}.Debug|Any CPU.ActiveCfg = Debug|Any CPU
		{A50D2C5F-4037-4E79-B1C7-866D2EBD2688}.Debug|Any CPU.Build.0 = Debug|Any CPU
		{A50D2C5F-4037-4E79-B1C7-866D2EBD2688}.Debug|x64.ActiveCfg = Debug|Any CPU
		{A50D2C5F-4037-4E79-B1C7-866D2EBD2688}.Debug|x64.Build.0 = Debug|Any CPU
		{A50D2C5F-4037-4E79-B1C7-866D2EBD2688}.Release|Any CPU.ActiveCfg = Release|Any CPU
		{A50D2C5F-4037-4E79-B1C7-866D2EBD2688}.Release|Any CPU.Build.0 = Release|Any CPU
		{A50D2C5F-4037-4E79-B1C7-866D2EBD2688}.Release|x64.ActiveCfg = Release|Any CPU
		{A50D2C5F-4037-4E79-B1C7-866D2EBD2688}.Release|x64.Build.0 = Release|Any CPU
	EndGlobalSection
	GlobalSection(SolutionProperties) = preSolution
		HideSolutionNode = FALSE
	EndGlobalSection
	GlobalSection(NestedProjects) = preSolution
		{EA983525-DBAD-407C-BC7A-39878EA46EEC} = {85096F47-C1AA-46EC-A460-E9E09F9216AF}
		{0999E9CD-09EB-4C2E-825E-CFF957A1ECE3} = {85096F47-C1AA-46EC-A460-E9E09F9216AF}
		{813ADA8A-525F-4186-8F43-B9811CD8E8A4} = {85096F47-C1AA-46EC-A460-E9E09F9216AF}
		{B0FF67A9-69C0-4630-8E90-1CE14F3C549E} = {85096F47-C1AA-46EC-A460-E9E09F9216AF}
		{A50D2C5F-4037-4E79-B1C7-866D2EBD2688} = {85096F47-C1AA-46EC-A460-E9E09F9216AF}
	EndGlobalSection
	GlobalSection(ExtensibilityGlobals) = postSolution
		SolutionGuid = {75D94EA5-77C7-4681-B177-59AEFFAA0F6F}
	EndGlobalSection
EndGlobal
