
Microsoft Visual Studio Solution File, Format Version 12.00
# Visual Studio 15
VisualStudioVersion = 15.0.27130.2010
MinimumVisualStudioVersion = 10.0.40219.1
Project("{9A19103F-16F7-4668-BE54-9A1E7A4F7556}") = "Miki.Api", "Miki.Api\Miki.Api.csproj", "{543F228B-5391-4D5F-B51C-B5F142A35E53}"
EndProject
Project("{9A19103F-16F7-4668-BE54-9A1E7A4F7556}") = "Miki", "Miki\Miki.csproj", "{47D35B14-7C48-4E30-A0B6-B1B94304FD56}"
EndProject
Project("{9A19103F-16F7-4668-BE54-9A1E7A4F7556}") = "Miki.Framework", "D:\Projects\Miki.Framework\Miki.Framework\Miki.Framework.csproj", "{2DFE402C-37EE-43EA-8B39-F7197CA37311}"
EndProject
Global
	GlobalSection(SolutionConfigurationPlatforms) = preSolution
		Debug|Any CPU = Debug|Any CPU
		Debug|x64 = Debug|x64
		Release|Any CPU = Release|Any CPU
		Release|x64 = Release|x64
	EndGlobalSection
	GlobalSection(ProjectConfigurationPlatforms) = postSolution
		{543F228B-5391-4D5F-B51C-B5F142A35E53}.Debug|Any CPU.ActiveCfg = Debug|Any CPU
		{543F228B-5391-4D5F-B51C-B5F142A35E53}.Debug|Any CPU.Build.0 = Debug|Any CPU
		{543F228B-5391-4D5F-B51C-B5F142A35E53}.Debug|x64.ActiveCfg = Debug|Any CPU
		{543F228B-5391-4D5F-B51C-B5F142A35E53}.Debug|x64.Build.0 = Debug|Any CPU
		{543F228B-5391-4D5F-B51C-B5F142A35E53}.Release|Any CPU.ActiveCfg = Release|Any CPU
		{543F228B-5391-4D5F-B51C-B5F142A35E53}.Release|Any CPU.Build.0 = Release|Any CPU
		{543F228B-5391-4D5F-B51C-B5F142A35E53}.Release|x64.ActiveCfg = Release|Any CPU
		{543F228B-5391-4D5F-B51C-B5F142A35E53}.Release|x64.Build.0 = Release|Any CPU
		{47D35B14-7C48-4E30-A0B6-B1B94304FD56}.Debug|Any CPU.ActiveCfg = Debug|Any CPU
		{47D35B14-7C48-4E30-A0B6-B1B94304FD56}.Debug|Any CPU.Build.0 = Debug|Any CPU
		{47D35B14-7C48-4E30-A0B6-B1B94304FD56}.Debug|x64.ActiveCfg = Debug|Any CPU
		{47D35B14-7C48-4E30-A0B6-B1B94304FD56}.Debug|x64.Build.0 = Debug|Any CPU
		{47D35B14-7C48-4E30-A0B6-B1B94304FD56}.Release|Any CPU.ActiveCfg = Release|Any CPU
		{47D35B14-7C48-4E30-A0B6-B1B94304FD56}.Release|Any CPU.Build.0 = Release|Any CPU
		{47D35B14-7C48-4E30-A0B6-B1B94304FD56}.Release|x64.ActiveCfg = Release|Any CPU
		{47D35B14-7C48-4E30-A0B6-B1B94304FD56}.Release|x64.Build.0 = Release|Any CPU
		{2DFE402C-37EE-43EA-8B39-F7197CA37311}.Debug|Any CPU.ActiveCfg = Debug|Any CPU
		{2DFE402C-37EE-43EA-8B39-F7197CA37311}.Debug|Any CPU.Build.0 = Debug|Any CPU
		{2DFE402C-37EE-43EA-8B39-F7197CA37311}.Debug|x64.ActiveCfg = Debug|Any CPU
		{2DFE402C-37EE-43EA-8B39-F7197CA37311}.Debug|x64.Build.0 = Debug|Any CPU
		{2DFE402C-37EE-43EA-8B39-F7197CA37311}.Release|Any CPU.ActiveCfg = Release|Any CPU
		{2DFE402C-37EE-43EA-8B39-F7197CA37311}.Release|Any CPU.Build.0 = Release|Any CPU
		{2DFE402C-37EE-43EA-8B39-F7197CA37311}.Release|x64.ActiveCfg = Release|Any CPU
		{2DFE402C-37EE-43EA-8B39-F7197CA37311}.Release|x64.Build.0 = Release|Any CPU
	EndGlobalSection
	GlobalSection(SolutionProperties) = preSolution
		HideSolutionNode = FALSE
	EndGlobalSection
	GlobalSection(ExtensibilityGlobals) = postSolution
		SolutionGuid = {929902BB-20F8-4994-B096-A1C877BA95A0}
	EndGlobalSection
EndGlobal
