
Microsoft Visual Studio Solution File, Format Version 12.00
# Visual Studio Version 16
VisualStudioVersion = 16.0.28407.52
MinimumVisualStudioVersion = 10.0.40219.1
Project("{9A19103F-16F7-4668-BE54-9A1E7A4F7556}") = "Miki.Api", "..\Miki.Api\Miki.Api.csproj", "{8E3FB138-6ED3-477D-8B2E-3F98E6D55F07}"
EndProject
Project("{9A19103F-16F7-4668-BE54-9A1E7A4F7556}") = "Miki.Bot.Models", "..\Miki.Bot.Models\Miki.Bot.Models.csproj", "{FC48E70D-149D-411F-ADB6-690B7A283365}"
EndProject
Project("{9A19103F-16F7-4668-BE54-9A1E7A4F7556}") = "Miki.Framework", "..\Miki.Framework\Miki.Framework\Miki.Framework.csproj", "{0AF6AF93-AFCF-411C-87E2-16E0338C22B9}"
EndProject
Project("{9A19103F-16F7-4668-BE54-9A1E7A4F7556}") = "Miki", "Miki.csproj", "{1541322B-37C8-44D0-852A-D8149415309C}"
EndProject
Project("{9A19103F-16F7-4668-BE54-9A1E7A4F7556}") = "Miki.Framework.Arguments", "..\Miki.Framework\Miki.Framework.Arguments\Miki.Framework.Arguments.csproj", "{09A3A767-E8C2-46AC-89C3-384F7495050B}"
EndProject
Project("{9A19103F-16F7-4668-BE54-9A1E7A4F7556}") = "Retsu.Consumer", "..\..\retsu\src\Retsu.Consumer\Retsu.Consumer.csproj", "{0EB8C3DD-916D-4427-AA56-4B64E4578FDA}"
EndProject
Project("{9A19103F-16F7-4668-BE54-9A1E7A4F7556}") = "Miki.Framework.Commands", "..\Miki.Framework\Miki.Framework.Commands\Miki.Framework.Commands\Miki.Framework.Commands.csproj", "{9CCB5344-4E1A-4098-8627-39105E66E5E1}"
EndProject
Global
	GlobalSection(SolutionConfigurationPlatforms) = preSolution
		Debug Production|Any CPU = Debug Production|Any CPU
		Debug|Any CPU = Debug|Any CPU
		Prod|Any CPU = Prod|Any CPU
		Release|Any CPU = Release|Any CPU
	EndGlobalSection
	GlobalSection(ProjectConfigurationPlatforms) = postSolution
		{8E3FB138-6ED3-477D-8B2E-3F98E6D55F07}.Debug Production|Any CPU.ActiveCfg = Debug Production|Any CPU
		{8E3FB138-6ED3-477D-8B2E-3F98E6D55F07}.Debug Production|Any CPU.Build.0 = Debug Production|Any CPU
		{8E3FB138-6ED3-477D-8B2E-3F98E6D55F07}.Debug|Any CPU.ActiveCfg = Debug|Any CPU
		{8E3FB138-6ED3-477D-8B2E-3F98E6D55F07}.Debug|Any CPU.Build.0 = Debug|Any CPU
		{8E3FB138-6ED3-477D-8B2E-3F98E6D55F07}.Prod|Any CPU.ActiveCfg = Prod|Any CPU
		{8E3FB138-6ED3-477D-8B2E-3F98E6D55F07}.Prod|Any CPU.Build.0 = Prod|Any CPU
		{8E3FB138-6ED3-477D-8B2E-3F98E6D55F07}.Release|Any CPU.ActiveCfg = Release|Any CPU
		{8E3FB138-6ED3-477D-8B2E-3F98E6D55F07}.Release|Any CPU.Build.0 = Release|Any CPU
		{FC48E70D-149D-411F-ADB6-690B7A283365}.Debug Production|Any CPU.ActiveCfg = Debug|Any CPU
		{FC48E70D-149D-411F-ADB6-690B7A283365}.Debug Production|Any CPU.Build.0 = Debug|Any CPU
		{FC48E70D-149D-411F-ADB6-690B7A283365}.Debug|Any CPU.ActiveCfg = Debug|Any CPU
		{FC48E70D-149D-411F-ADB6-690B7A283365}.Debug|Any CPU.Build.0 = Debug|Any CPU
		{FC48E70D-149D-411F-ADB6-690B7A283365}.Prod|Any CPU.ActiveCfg = Debug|Any CPU
		{FC48E70D-149D-411F-ADB6-690B7A283365}.Prod|Any CPU.Build.0 = Debug|Any CPU
		{FC48E70D-149D-411F-ADB6-690B7A283365}.Release|Any CPU.ActiveCfg = Release|Any CPU
		{FC48E70D-149D-411F-ADB6-690B7A283365}.Release|Any CPU.Build.0 = Release|Any CPU
		{0AF6AF93-AFCF-411C-87E2-16E0338C22B9}.Debug Production|Any CPU.ActiveCfg = Debug Production|Any CPU
		{0AF6AF93-AFCF-411C-87E2-16E0338C22B9}.Debug Production|Any CPU.Build.0 = Debug Production|Any CPU
		{0AF6AF93-AFCF-411C-87E2-16E0338C22B9}.Debug|Any CPU.ActiveCfg = Debug|Any CPU
		{0AF6AF93-AFCF-411C-87E2-16E0338C22B9}.Debug|Any CPU.Build.0 = Debug|Any CPU
		{0AF6AF93-AFCF-411C-87E2-16E0338C22B9}.Prod|Any CPU.ActiveCfg = Prod|Any CPU
		{0AF6AF93-AFCF-411C-87E2-16E0338C22B9}.Prod|Any CPU.Build.0 = Prod|Any CPU
		{0AF6AF93-AFCF-411C-87E2-16E0338C22B9}.Release|Any CPU.ActiveCfg = Release|Any CPU
		{0AF6AF93-AFCF-411C-87E2-16E0338C22B9}.Release|Any CPU.Build.0 = Release|Any CPU
		{1541322B-37C8-44D0-852A-D8149415309C}.Debug Production|Any CPU.ActiveCfg = Debug Production|Any CPU
		{1541322B-37C8-44D0-852A-D8149415309C}.Debug Production|Any CPU.Build.0 = Debug Production|Any CPU
		{1541322B-37C8-44D0-852A-D8149415309C}.Debug|Any CPU.ActiveCfg = Debug|Any CPU
		{1541322B-37C8-44D0-852A-D8149415309C}.Debug|Any CPU.Build.0 = Debug|Any CPU
		{1541322B-37C8-44D0-852A-D8149415309C}.Prod|Any CPU.ActiveCfg = Prod|Any CPU
		{1541322B-37C8-44D0-852A-D8149415309C}.Prod|Any CPU.Build.0 = Prod|Any CPU
		{1541322B-37C8-44D0-852A-D8149415309C}.Release|Any CPU.ActiveCfg = Release|Any CPU
		{1541322B-37C8-44D0-852A-D8149415309C}.Release|Any CPU.Build.0 = Release|Any CPU
		{09A3A767-E8C2-46AC-89C3-384F7495050B}.Debug Production|Any CPU.ActiveCfg = Debug|Any CPU
		{09A3A767-E8C2-46AC-89C3-384F7495050B}.Debug Production|Any CPU.Build.0 = Debug|Any CPU
		{09A3A767-E8C2-46AC-89C3-384F7495050B}.Debug|Any CPU.ActiveCfg = Debug|Any CPU
		{09A3A767-E8C2-46AC-89C3-384F7495050B}.Debug|Any CPU.Build.0 = Debug|Any CPU
		{09A3A767-E8C2-46AC-89C3-384F7495050B}.Prod|Any CPU.ActiveCfg = Debug|Any CPU
		{09A3A767-E8C2-46AC-89C3-384F7495050B}.Prod|Any CPU.Build.0 = Debug|Any CPU
		{09A3A767-E8C2-46AC-89C3-384F7495050B}.Release|Any CPU.ActiveCfg = Release|Any CPU
		{09A3A767-E8C2-46AC-89C3-384F7495050B}.Release|Any CPU.Build.0 = Release|Any CPU
		{0EB8C3DD-916D-4427-AA56-4B64E4578FDA}.Debug Production|Any CPU.ActiveCfg = Debug|Any CPU
		{0EB8C3DD-916D-4427-AA56-4B64E4578FDA}.Debug Production|Any CPU.Build.0 = Debug|Any CPU
		{0EB8C3DD-916D-4427-AA56-4B64E4578FDA}.Debug|Any CPU.ActiveCfg = Debug|Any CPU
		{0EB8C3DD-916D-4427-AA56-4B64E4578FDA}.Debug|Any CPU.Build.0 = Debug|Any CPU
		{0EB8C3DD-916D-4427-AA56-4B64E4578FDA}.Prod|Any CPU.ActiveCfg = Debug|Any CPU
		{0EB8C3DD-916D-4427-AA56-4B64E4578FDA}.Prod|Any CPU.Build.0 = Debug|Any CPU
		{0EB8C3DD-916D-4427-AA56-4B64E4578FDA}.Release|Any CPU.ActiveCfg = Release|Any CPU
		{0EB8C3DD-916D-4427-AA56-4B64E4578FDA}.Release|Any CPU.Build.0 = Release|Any CPU
		{9CCB5344-4E1A-4098-8627-39105E66E5E1}.Debug Production|Any CPU.ActiveCfg = Debug|Any CPU
		{9CCB5344-4E1A-4098-8627-39105E66E5E1}.Debug Production|Any CPU.Build.0 = Debug|Any CPU
		{9CCB5344-4E1A-4098-8627-39105E66E5E1}.Debug|Any CPU.ActiveCfg = Debug|Any CPU
		{9CCB5344-4E1A-4098-8627-39105E66E5E1}.Debug|Any CPU.Build.0 = Debug|Any CPU
		{9CCB5344-4E1A-4098-8627-39105E66E5E1}.Prod|Any CPU.ActiveCfg = Debug|Any CPU
		{9CCB5344-4E1A-4098-8627-39105E66E5E1}.Prod|Any CPU.Build.0 = Debug|Any CPU
		{9CCB5344-4E1A-4098-8627-39105E66E5E1}.Release|Any CPU.ActiveCfg = Release|Any CPU
		{9CCB5344-4E1A-4098-8627-39105E66E5E1}.Release|Any CPU.Build.0 = Release|Any CPU
	EndGlobalSection
	GlobalSection(SolutionProperties) = preSolution
		HideSolutionNode = FALSE
	EndGlobalSection
	GlobalSection(ExtensibilityGlobals) = postSolution
		SolutionGuid = {75D94EA5-77C7-4681-B177-59AEFFAA0F6F}
	EndGlobalSection
EndGlobal
