
Microsoft Visual Studio Solution File, Format Version 12.00
# Visual Studio 15
VisualStudioVersion = 15.0.27130.2010
MinimumVisualStudioVersion = 10.0.40219.1
Project("{9A19103F-16F7-4668-BE54-9A1E7A4F7556}") = "Miki", "Miki.csproj", "{1FEB7613-1FB1-4877-A410-D732D6528423}"
EndProject
Project("{9A19103F-16F7-4668-BE54-9A1E7A4F7556}") = "Miki.Api", "..\Miki.Api\Miki.Api.csproj", "{8E3FB138-6ED3-477D-8B2E-3F98E6D55F07}"
EndProject
Project("{9A19103F-16F7-4668-BE54-9A1E7A4F7556}") = "Miki.Bot.Models", "..\Miki.Bot.Models\Miki.Bot.Models.csproj", "{FC48E70D-149D-411F-ADB6-690B7A283365}"
EndProject
Project("{9A19103F-16F7-4668-BE54-9A1E7A4F7556}") = "Miki.Framework", "..\Miki.Framework\Miki.Framework\Miki.Framework.csproj", "{0AF6AF93-AFCF-411C-87E2-16E0338C22B9}"
EndProject
Project("{9A19103F-16F7-4668-BE54-9A1E7A4F7556}") = "Miki.Discord.Gateway.Centralized", "..\..\Miki.Discord\Miki.Discord.Gateway.Centralized\Miki.Discord.Gateway.Centralized.csproj", "{0E6C67B5-B832-441F-8EE2-EFCEE5D2FE75}"
EndProject
Project("{9A19103F-16F7-4668-BE54-9A1E7A4F7556}") = "Miki.Discord.Common", "..\..\Miki.Discord\Miki.Discord.Common\Miki.Discord.Common.csproj", "{F5DE897E-D586-4A62-A1D8-3B95A0235490}"
EndProject
Project("{9A19103F-16F7-4668-BE54-9A1E7A4F7556}") = "Miki.Discord.Rest", "..\..\Miki.Discord\Miki.Discord.Rest\Miki.Discord.Rest.csproj", "{FF6F5CAD-31BE-49FC-A123-67767D6D318E}"
EndProject
Project("{9A19103F-16F7-4668-BE54-9A1E7A4F7556}") = "Miki.Discord", "..\..\Miki.Discord\Miki.Discord\Miki.Discord.csproj", "{E63EE850-4FF7-4A8B-BADC-D0DFABC9DDAE}"
EndProject
Project("{9A19103F-16F7-4668-BE54-9A1E7A4F7556}") = "Miki.Serialization.ETF", "..\..\Miki.Serialization\Miki.Serialization.ETF\Miki.Serialization.ETF.csproj", "{7186B8B9-F77A-402F-82DB-9B109473EE98}"
EndProject
Project("{9A19103F-16F7-4668-BE54-9A1E7A4F7556}") = "Miki.Discord.Gateway.Distributed", "..\..\Miki.Discord\Miki.Discord.Gateway.Distributed\Miki.Discord.Gateway.Distributed.csproj", "{5E624049-8107-473D-A51E-FF825D37CFED}"
EndProject
Global
	GlobalSection(SolutionConfigurationPlatforms) = preSolution
		Debug Production|Any CPU = Debug Production|Any CPU
		Debug|Any CPU = Debug|Any CPU
		Prod|Any CPU = Prod|Any CPU
		Release|Any CPU = Release|Any CPU
	EndGlobalSection
	GlobalSection(ProjectConfigurationPlatforms) = postSolution
		{1FEB7613-1FB1-4877-A410-D732D6528423}.Debug Production|Any CPU.ActiveCfg = Debug Production|Any CPU
		{1FEB7613-1FB1-4877-A410-D732D6528423}.Debug Production|Any CPU.Build.0 = Debug Production|Any CPU
		{1FEB7613-1FB1-4877-A410-D732D6528423}.Debug|Any CPU.ActiveCfg = Debug|Any CPU
		{1FEB7613-1FB1-4877-A410-D732D6528423}.Debug|Any CPU.Build.0 = Debug|Any CPU
		{1FEB7613-1FB1-4877-A410-D732D6528423}.Prod|Any CPU.ActiveCfg = Prod|Any CPU
		{1FEB7613-1FB1-4877-A410-D732D6528423}.Prod|Any CPU.Build.0 = Prod|Any CPU
		{1FEB7613-1FB1-4877-A410-D732D6528423}.Release|Any CPU.ActiveCfg = Release|Any CPU
		{1FEB7613-1FB1-4877-A410-D732D6528423}.Release|Any CPU.Build.0 = Release|Any CPU
		{8E3FB138-6ED3-477D-8B2E-3F98E6D55F07}.Debug Production|Any CPU.ActiveCfg = Debug Production|Any CPU
		{8E3FB138-6ED3-477D-8B2E-3F98E6D55F07}.Debug Production|Any CPU.Build.0 = Debug Production|Any CPU
		{8E3FB138-6ED3-477D-8B2E-3F98E6D55F07}.Debug|Any CPU.ActiveCfg = Debug|Any CPU
		{8E3FB138-6ED3-477D-8B2E-3F98E6D55F07}.Debug|Any CPU.Build.0 = Debug|Any CPU
		{8E3FB138-6ED3-477D-8B2E-3F98E6D55F07}.Prod|Any CPU.ActiveCfg = Prod|Any CPU
		{8E3FB138-6ED3-477D-8B2E-3F98E6D55F07}.Prod|Any CPU.Build.0 = Prod|Any CPU
		{8E3FB138-6ED3-477D-8B2E-3F98E6D55F07}.Release|Any CPU.ActiveCfg = Release|Any CPU
		{8E3FB138-6ED3-477D-8B2E-3F98E6D55F07}.Release|Any CPU.Build.0 = Release|Any CPU
		{FC48E70D-149D-411F-ADB6-690B7A283365}.Debug Production|Any CPU.ActiveCfg = Debug|Any CPU
		{FC48E70D-149D-411F-ADB6-690B7A283365}.Debug Production|Any CPU.Build.0 = Debug|Any CPU
		{FC48E70D-149D-411F-ADB6-690B7A283365}.Debug|Any CPU.ActiveCfg = Debug|Any CPU
		{FC48E70D-149D-411F-ADB6-690B7A283365}.Debug|Any CPU.Build.0 = Debug|Any CPU
		{FC48E70D-149D-411F-ADB6-690B7A283365}.Prod|Any CPU.ActiveCfg = Debug|Any CPU
		{FC48E70D-149D-411F-ADB6-690B7A283365}.Prod|Any CPU.Build.0 = Debug|Any CPU
		{FC48E70D-149D-411F-ADB6-690B7A283365}.Release|Any CPU.ActiveCfg = Release|Any CPU
		{FC48E70D-149D-411F-ADB6-690B7A283365}.Release|Any CPU.Build.0 = Release|Any CPU
		{0AF6AF93-AFCF-411C-87E2-16E0338C22B9}.Debug Production|Any CPU.ActiveCfg = Debug Production|Any CPU
		{0AF6AF93-AFCF-411C-87E2-16E0338C22B9}.Debug Production|Any CPU.Build.0 = Debug Production|Any CPU
		{0AF6AF93-AFCF-411C-87E2-16E0338C22B9}.Debug|Any CPU.ActiveCfg = Debug|Any CPU
		{0AF6AF93-AFCF-411C-87E2-16E0338C22B9}.Debug|Any CPU.Build.0 = Debug|Any CPU
		{0AF6AF93-AFCF-411C-87E2-16E0338C22B9}.Prod|Any CPU.ActiveCfg = Prod|Any CPU
		{0AF6AF93-AFCF-411C-87E2-16E0338C22B9}.Prod|Any CPU.Build.0 = Prod|Any CPU
		{0AF6AF93-AFCF-411C-87E2-16E0338C22B9}.Release|Any CPU.ActiveCfg = Release|Any CPU
		{0AF6AF93-AFCF-411C-87E2-16E0338C22B9}.Release|Any CPU.Build.0 = Release|Any CPU
		{0E6C67B5-B832-441F-8EE2-EFCEE5D2FE75}.Debug Production|Any CPU.ActiveCfg = Debug|Any CPU
		{0E6C67B5-B832-441F-8EE2-EFCEE5D2FE75}.Debug Production|Any CPU.Build.0 = Debug|Any CPU
		{0E6C67B5-B832-441F-8EE2-EFCEE5D2FE75}.Debug|Any CPU.ActiveCfg = Debug|Any CPU
		{0E6C67B5-B832-441F-8EE2-EFCEE5D2FE75}.Debug|Any CPU.Build.0 = Debug|Any CPU
		{0E6C67B5-B832-441F-8EE2-EFCEE5D2FE75}.Prod|Any CPU.ActiveCfg = Debug|Any CPU
		{0E6C67B5-B832-441F-8EE2-EFCEE5D2FE75}.Prod|Any CPU.Build.0 = Debug|Any CPU
		{0E6C67B5-B832-441F-8EE2-EFCEE5D2FE75}.Release|Any CPU.ActiveCfg = Release|Any CPU
		{0E6C67B5-B832-441F-8EE2-EFCEE5D2FE75}.Release|Any CPU.Build.0 = Release|Any CPU
		{F5DE897E-D586-4A62-A1D8-3B95A0235490}.Debug Production|Any CPU.ActiveCfg = Debug|Any CPU
		{F5DE897E-D586-4A62-A1D8-3B95A0235490}.Debug Production|Any CPU.Build.0 = Debug|Any CPU
		{F5DE897E-D586-4A62-A1D8-3B95A0235490}.Debug|Any CPU.ActiveCfg = Debug|Any CPU
		{F5DE897E-D586-4A62-A1D8-3B95A0235490}.Debug|Any CPU.Build.0 = Debug|Any CPU
		{F5DE897E-D586-4A62-A1D8-3B95A0235490}.Prod|Any CPU.ActiveCfg = Debug|Any CPU
		{F5DE897E-D586-4A62-A1D8-3B95A0235490}.Prod|Any CPU.Build.0 = Debug|Any CPU
		{F5DE897E-D586-4A62-A1D8-3B95A0235490}.Release|Any CPU.ActiveCfg = Release|Any CPU
		{F5DE897E-D586-4A62-A1D8-3B95A0235490}.Release|Any CPU.Build.0 = Release|Any CPU
		{FF6F5CAD-31BE-49FC-A123-67767D6D318E}.Debug Production|Any CPU.ActiveCfg = Debug|Any CPU
		{FF6F5CAD-31BE-49FC-A123-67767D6D318E}.Debug Production|Any CPU.Build.0 = Debug|Any CPU
		{FF6F5CAD-31BE-49FC-A123-67767D6D318E}.Debug|Any CPU.ActiveCfg = Debug|Any CPU
		{FF6F5CAD-31BE-49FC-A123-67767D6D318E}.Debug|Any CPU.Build.0 = Debug|Any CPU
		{FF6F5CAD-31BE-49FC-A123-67767D6D318E}.Prod|Any CPU.ActiveCfg = Debug|Any CPU
		{FF6F5CAD-31BE-49FC-A123-67767D6D318E}.Prod|Any CPU.Build.0 = Debug|Any CPU
		{FF6F5CAD-31BE-49FC-A123-67767D6D318E}.Release|Any CPU.ActiveCfg = Release|Any CPU
		{FF6F5CAD-31BE-49FC-A123-67767D6D318E}.Release|Any CPU.Build.0 = Release|Any CPU
		{E63EE850-4FF7-4A8B-BADC-D0DFABC9DDAE}.Debug Production|Any CPU.ActiveCfg = Debug|Any CPU
		{E63EE850-4FF7-4A8B-BADC-D0DFABC9DDAE}.Debug Production|Any CPU.Build.0 = Debug|Any CPU
		{E63EE850-4FF7-4A8B-BADC-D0DFABC9DDAE}.Debug|Any CPU.ActiveCfg = Debug|Any CPU
		{E63EE850-4FF7-4A8B-BADC-D0DFABC9DDAE}.Debug|Any CPU.Build.0 = Debug|Any CPU
		{E63EE850-4FF7-4A8B-BADC-D0DFABC9DDAE}.Prod|Any CPU.ActiveCfg = Debug|Any CPU
		{E63EE850-4FF7-4A8B-BADC-D0DFABC9DDAE}.Prod|Any CPU.Build.0 = Debug|Any CPU
		{E63EE850-4FF7-4A8B-BADC-D0DFABC9DDAE}.Release|Any CPU.ActiveCfg = Release|Any CPU
		{E63EE850-4FF7-4A8B-BADC-D0DFABC9DDAE}.Release|Any CPU.Build.0 = Release|Any CPU
		{7186B8B9-F77A-402F-82DB-9B109473EE98}.Debug Production|Any CPU.ActiveCfg = Debug|Any CPU
		{7186B8B9-F77A-402F-82DB-9B109473EE98}.Debug Production|Any CPU.Build.0 = Debug|Any CPU
		{7186B8B9-F77A-402F-82DB-9B109473EE98}.Debug|Any CPU.ActiveCfg = Debug|Any CPU
		{7186B8B9-F77A-402F-82DB-9B109473EE98}.Debug|Any CPU.Build.0 = Debug|Any CPU
		{7186B8B9-F77A-402F-82DB-9B109473EE98}.Prod|Any CPU.ActiveCfg = Debug|Any CPU
		{7186B8B9-F77A-402F-82DB-9B109473EE98}.Prod|Any CPU.Build.0 = Debug|Any CPU
		{7186B8B9-F77A-402F-82DB-9B109473EE98}.Release|Any CPU.ActiveCfg = Release|Any CPU
		{7186B8B9-F77A-402F-82DB-9B109473EE98}.Release|Any CPU.Build.0 = Release|Any CPU
		{5E624049-8107-473D-A51E-FF825D37CFED}.Debug Production|Any CPU.ActiveCfg = Debug|Any CPU
		{5E624049-8107-473D-A51E-FF825D37CFED}.Debug Production|Any CPU.Build.0 = Debug|Any CPU
		{5E624049-8107-473D-A51E-FF825D37CFED}.Debug|Any CPU.ActiveCfg = Debug|Any CPU
		{5E624049-8107-473D-A51E-FF825D37CFED}.Debug|Any CPU.Build.0 = Debug|Any CPU
		{5E624049-8107-473D-A51E-FF825D37CFED}.Prod|Any CPU.ActiveCfg = Debug|Any CPU
		{5E624049-8107-473D-A51E-FF825D37CFED}.Prod|Any CPU.Build.0 = Debug|Any CPU
		{5E624049-8107-473D-A51E-FF825D37CFED}.Release|Any CPU.ActiveCfg = Release|Any CPU
		{5E624049-8107-473D-A51E-FF825D37CFED}.Release|Any CPU.Build.0 = Release|Any CPU
	EndGlobalSection
	GlobalSection(SolutionProperties) = preSolution
		HideSolutionNode = FALSE
	EndGlobalSection
	GlobalSection(ExtensibilityGlobals) = postSolution
		SolutionGuid = {75D94EA5-77C7-4681-B177-59AEFFAA0F6F}
	EndGlobalSection
EndGlobal
