
Microsoft Visual Studio Solution File, Format Version 12.00
# Visual Studio Version 16
VisualStudioVersion = 16.0.28407.52
MinimumVisualStudioVersion = 10.0.40219.1
Project("{9A19103F-16F7-4668-BE54-9A1E7A4F7556}") = "Miki.Framework", "..\submodules\miki.framework\Miki.Framework\Miki.Framework.csproj", "{A222E396-C9AC-40A7-B7BF-51DF28F0AA40}"
EndProject
Project("{2150E333-8FDC-42A3-9474-1A3956D46DE8}") = "Framework", "Framework", "{A6B86DE2-3707-474F-8261-C7A989FEA72E}"
EndProject
Project("{9A19103F-16F7-4668-BE54-9A1E7A4F7556}") = "Miki.Framework.Arguments", "..\submodules\miki.framework\Miki.Framework.Arguments\Miki.Framework.Arguments.csproj", "{0BAD6EF4-1C14-4EFB-953F-8D589E3DDBEF}"
EndProject
Project("{9A19103F-16F7-4668-BE54-9A1E7A4F7556}") = "Miki.Framework.Commands", "..\submodules\miki.framework\Miki.Framework.Commands\Miki.Framework.Commands.csproj", "{9A4C7FDF-4F78-4116-AE9F-06BE80E9FD4D}"
EndProject
Project("{9A19103F-16F7-4668-BE54-9A1E7A4F7556}") = "Miki.Framework.Commands.Filters", "..\submodules\miki.framework\Miki.Framework.Commands.Filters\Miki.Framework.Commands.Filters.csproj", "{791FA2EE-F808-47C8-9F53-DE6282158541}"
EndProject
Project("{9A19103F-16F7-4668-BE54-9A1E7A4F7556}") = "Miki.Framework.Commands.Localization", "..\submodules\miki.framework\Miki.Framework.Commands.Localization\Miki.Framework.Commands.Localization.csproj", "{0AA3DE1A-28D4-4736-9345-EAE35EE7D8BD}"
EndProject
Project("{9A19103F-16F7-4668-BE54-9A1E7A4F7556}") = "Miki.Framework.Commands.Permissions", "..\submodules\miki.framework\Miki.Framework.Commands.Permissions\Miki.Framework.Commands.Permissions.csproj", "{D688D8BF-216E-4E20-AD12-A5D1BDBF033C}"
EndProject
Project("{9A19103F-16F7-4668-BE54-9A1E7A4F7556}") = "Miki.Framework.Commands.Prefixes", "..\submodules\miki.framework\Miki.Framework.Commands.Prefixes\Miki.Framework.Commands.Prefixes.csproj", "{32513494-D3BC-4BE2-A5D0-C215E93543D9}"
EndProject
Project("{9A19103F-16F7-4668-BE54-9A1E7A4F7556}") = "Miki.Framework.Services", "..\submodules\miki.framework\Miki.Framework.Services\Miki.Framework.Services.csproj", "{A0A28753-18F5-4D4E-BBD4-0E1EF968EA3E}"
EndProject
Project("{2150E333-8FDC-42A3-9474-1A3956D46DE8}") = "Discord", "Discord", "{E00CDA05-DD21-4A38-BE55-26925EE8E446}"
EndProject
Project("{9A19103F-16F7-4668-BE54-9A1E7A4F7556}") = "Miki.Discord", "..\submodules\miki.discord\Miki.Discord\Miki.Discord.csproj", "{7B1146A0-2600-4D64-BF87-39CFA6277988}"
EndProject
Project("{9A19103F-16F7-4668-BE54-9A1E7A4F7556}") = "Miki.Discord.Gateway", "..\submodules\miki.discord\Miki.Discord.Gateway\Miki.Discord.Gateway.csproj", "{0240005F-164B-4A65-AED5-87A3E705A7EB}"
EndProject
Project("{9A19103F-16F7-4668-BE54-9A1E7A4F7556}") = "Miki.Discord.Common", "..\submodules\miki.discord\Miki.Discord.Common\Miki.Discord.Common.csproj", "{BD95CA33-4DC7-4749-A1D2-B52FC79FAF0F}"
EndProject
Project("{9A19103F-16F7-4668-BE54-9A1E7A4F7556}") = "Miki.Discord.Rest", "..\submodules\miki.discord\Miki.Discord.Rest\Miki.Discord.Rest.csproj", "{9CE792F9-A85D-40FF-B7A0-EE631F3D556A}"
EndProject
Project("{9A19103F-16F7-4668-BE54-9A1E7A4F7556}") = "Miki.Discord.Tests", "..\submodules\miki.discord\Miki.Discord.Tests\Miki.Discord.Tests.csproj", "{38042D63-D1AD-4777-B556-E4DAA6343A2E}"
EndProject
Project("{9A19103F-16F7-4668-BE54-9A1E7A4F7556}") = "Miki.Discord.Tests.Dummy", "..\submodules\miki.discord\Miki.Discord.Tests.Dummy\Miki.Discord.Tests.Dummy.csproj", "{B17EA6E0-F925-4B1C-BF04-DBE6589B06EF}"
EndProject
Project("{9A19103F-16F7-4668-BE54-9A1E7A4F7556}") = "Miki.Discord.Tests.Performance", "..\submodules\miki.discord\Miki.Discord.Tests.Performance\Miki.Discord.Tests.Performance.csproj", "{FAF0C8EA-106B-4F2A-814C-8968AC2885C5}"
EndProject
Project("{9A19103F-16F7-4668-BE54-9A1E7A4F7556}") = "Miki.Bot.Models", "..\submodules\miki.bot.models\Miki.Bot.Models.csproj", "{EBFF0AD8-D89A-4BDD-895C-699F4C3E91BF}"
EndProject
Project("{9A19103F-16F7-4668-BE54-9A1E7A4F7556}") = "Retsu.Consumer", "..\submodules\retsu\src\Retsu.Consumer\Retsu.Consumer.csproj", "{E1C134F6-B5DE-4956-B8F3-53E93A67D0B7}"
EndProject
Project("{2150E333-8FDC-42A3-9474-1A3956D46DE8}") = "Retsu", "Retsu", "{6C5F2803-8BBC-4011-A8F8-F59571324A93}"
EndProject
Project("{9A19103F-16F7-4668-BE54-9A1E7A4F7556}") = "Retsu.Models", "..\submodules\retsu\src\Retsu.Models\Retsu.Models.csproj", "{86BCCC30-7679-45D1-9D7E-1B81B8931D8A}"
EndProject
Project("{9A19103F-16F7-4668-BE54-9A1E7A4F7556}") = "Miki", "Miki\Miki.csproj", "{62029C2D-0CF5-4416-8374-2810637DAA53}"
EndProject
Project("{9A19103F-16F7-4668-BE54-9A1E7A4F7556}") = "Miki.Api", "Miki.Api\Miki.Api.csproj", "{23C70FA5-5A86-4A31-8E64-D7250B01DE79}"
EndProject
Project("{2150E333-8FDC-42A3-9474-1A3956D46DE8}") = "Tests", "Tests", "{1FE25880-184B-467A-95F5-10E8D8E8EA2A}"
EndProject
Project("{FAE04EC0-301F-11D3-BF4B-00C04F79EFBC}") = "Miki.Tests", "..\test\Miki.Tests\Miki.Tests.csproj", "{EF1D64A2-DA51-47D2-AC8A-985D57962907}"
EndProject
Global
	GlobalSection(SolutionConfigurationPlatforms) = preSolution
		Debug Production|Any CPU = Debug Production|Any CPU
		Debug|Any CPU = Debug|Any CPU
		Prod|Any CPU = Prod|Any CPU
		Release|Any CPU = Release|Any CPU
	EndGlobalSection
	GlobalSection(ProjectConfigurationPlatforms) = postSolution
		{A222E396-C9AC-40A7-B7BF-51DF28F0AA40}.Debug Production|Any CPU.ActiveCfg = Debug Production|Any CPU
		{A222E396-C9AC-40A7-B7BF-51DF28F0AA40}.Debug Production|Any CPU.Build.0 = Debug Production|Any CPU
		{A222E396-C9AC-40A7-B7BF-51DF28F0AA40}.Debug|Any CPU.ActiveCfg = Debug|Any CPU
		{A222E396-C9AC-40A7-B7BF-51DF28F0AA40}.Debug|Any CPU.Build.0 = Debug|Any CPU
		{A222E396-C9AC-40A7-B7BF-51DF28F0AA40}.Prod|Any CPU.ActiveCfg = Prod|Any CPU
		{A222E396-C9AC-40A7-B7BF-51DF28F0AA40}.Prod|Any CPU.Build.0 = Prod|Any CPU
		{A222E396-C9AC-40A7-B7BF-51DF28F0AA40}.Release|Any CPU.ActiveCfg = Release|Any CPU
		{A222E396-C9AC-40A7-B7BF-51DF28F0AA40}.Release|Any CPU.Build.0 = Release|Any CPU
		{0BAD6EF4-1C14-4EFB-953F-8D589E3DDBEF}.Debug Production|Any CPU.ActiveCfg = Debug|Any CPU
		{0BAD6EF4-1C14-4EFB-953F-8D589E3DDBEF}.Debug Production|Any CPU.Build.0 = Debug|Any CPU
		{0BAD6EF4-1C14-4EFB-953F-8D589E3DDBEF}.Debug|Any CPU.ActiveCfg = Debug|Any CPU
		{0BAD6EF4-1C14-4EFB-953F-8D589E3DDBEF}.Debug|Any CPU.Build.0 = Debug|Any CPU
		{0BAD6EF4-1C14-4EFB-953F-8D589E3DDBEF}.Prod|Any CPU.ActiveCfg = Debug|Any CPU
		{0BAD6EF4-1C14-4EFB-953F-8D589E3DDBEF}.Prod|Any CPU.Build.0 = Debug|Any CPU
		{0BAD6EF4-1C14-4EFB-953F-8D589E3DDBEF}.Release|Any CPU.ActiveCfg = Release|Any CPU
		{0BAD6EF4-1C14-4EFB-953F-8D589E3DDBEF}.Release|Any CPU.Build.0 = Release|Any CPU
		{9A4C7FDF-4F78-4116-AE9F-06BE80E9FD4D}.Debug Production|Any CPU.ActiveCfg = Debug|Any CPU
		{9A4C7FDF-4F78-4116-AE9F-06BE80E9FD4D}.Debug Production|Any CPU.Build.0 = Debug|Any CPU
		{9A4C7FDF-4F78-4116-AE9F-06BE80E9FD4D}.Debug|Any CPU.ActiveCfg = Debug|Any CPU
		{9A4C7FDF-4F78-4116-AE9F-06BE80E9FD4D}.Debug|Any CPU.Build.0 = Debug|Any CPU
		{9A4C7FDF-4F78-4116-AE9F-06BE80E9FD4D}.Prod|Any CPU.ActiveCfg = Debug|Any CPU
		{9A4C7FDF-4F78-4116-AE9F-06BE80E9FD4D}.Prod|Any CPU.Build.0 = Debug|Any CPU
		{9A4C7FDF-4F78-4116-AE9F-06BE80E9FD4D}.Release|Any CPU.ActiveCfg = Release|Any CPU
		{9A4C7FDF-4F78-4116-AE9F-06BE80E9FD4D}.Release|Any CPU.Build.0 = Release|Any CPU
		{791FA2EE-F808-47C8-9F53-DE6282158541}.Debug Production|Any CPU.ActiveCfg = Debug|Any CPU
		{791FA2EE-F808-47C8-9F53-DE6282158541}.Debug Production|Any CPU.Build.0 = Debug|Any CPU
		{791FA2EE-F808-47C8-9F53-DE6282158541}.Debug|Any CPU.ActiveCfg = Debug|Any CPU
		{791FA2EE-F808-47C8-9F53-DE6282158541}.Debug|Any CPU.Build.0 = Debug|Any CPU
		{791FA2EE-F808-47C8-9F53-DE6282158541}.Prod|Any CPU.ActiveCfg = Debug|Any CPU
		{791FA2EE-F808-47C8-9F53-DE6282158541}.Prod|Any CPU.Build.0 = Debug|Any CPU
		{791FA2EE-F808-47C8-9F53-DE6282158541}.Release|Any CPU.ActiveCfg = Release|Any CPU
		{791FA2EE-F808-47C8-9F53-DE6282158541}.Release|Any CPU.Build.0 = Release|Any CPU
		{0AA3DE1A-28D4-4736-9345-EAE35EE7D8BD}.Debug Production|Any CPU.ActiveCfg = Debug|Any CPU
		{0AA3DE1A-28D4-4736-9345-EAE35EE7D8BD}.Debug Production|Any CPU.Build.0 = Debug|Any CPU
		{0AA3DE1A-28D4-4736-9345-EAE35EE7D8BD}.Debug|Any CPU.ActiveCfg = Debug|Any CPU
		{0AA3DE1A-28D4-4736-9345-EAE35EE7D8BD}.Debug|Any CPU.Build.0 = Debug|Any CPU
		{0AA3DE1A-28D4-4736-9345-EAE35EE7D8BD}.Prod|Any CPU.ActiveCfg = Debug|Any CPU
		{0AA3DE1A-28D4-4736-9345-EAE35EE7D8BD}.Prod|Any CPU.Build.0 = Debug|Any CPU
		{0AA3DE1A-28D4-4736-9345-EAE35EE7D8BD}.Release|Any CPU.ActiveCfg = Release|Any CPU
		{0AA3DE1A-28D4-4736-9345-EAE35EE7D8BD}.Release|Any CPU.Build.0 = Release|Any CPU
		{D688D8BF-216E-4E20-AD12-A5D1BDBF033C}.Debug Production|Any CPU.ActiveCfg = Debug|Any CPU
		{D688D8BF-216E-4E20-AD12-A5D1BDBF033C}.Debug Production|Any CPU.Build.0 = Debug|Any CPU
		{D688D8BF-216E-4E20-AD12-A5D1BDBF033C}.Debug|Any CPU.ActiveCfg = Debug|Any CPU
		{D688D8BF-216E-4E20-AD12-A5D1BDBF033C}.Debug|Any CPU.Build.0 = Debug|Any CPU
		{D688D8BF-216E-4E20-AD12-A5D1BDBF033C}.Prod|Any CPU.ActiveCfg = Debug|Any CPU
		{D688D8BF-216E-4E20-AD12-A5D1BDBF033C}.Prod|Any CPU.Build.0 = Debug|Any CPU
		{D688D8BF-216E-4E20-AD12-A5D1BDBF033C}.Release|Any CPU.ActiveCfg = Release|Any CPU
		{D688D8BF-216E-4E20-AD12-A5D1BDBF033C}.Release|Any CPU.Build.0 = Release|Any CPU
		{32513494-D3BC-4BE2-A5D0-C215E93543D9}.Debug Production|Any CPU.ActiveCfg = Debug|Any CPU
		{32513494-D3BC-4BE2-A5D0-C215E93543D9}.Debug Production|Any CPU.Build.0 = Debug|Any CPU
		{32513494-D3BC-4BE2-A5D0-C215E93543D9}.Debug|Any CPU.ActiveCfg = Debug|Any CPU
		{32513494-D3BC-4BE2-A5D0-C215E93543D9}.Debug|Any CPU.Build.0 = Debug|Any CPU
		{32513494-D3BC-4BE2-A5D0-C215E93543D9}.Prod|Any CPU.ActiveCfg = Debug|Any CPU
		{32513494-D3BC-4BE2-A5D0-C215E93543D9}.Prod|Any CPU.Build.0 = Debug|Any CPU
		{32513494-D3BC-4BE2-A5D0-C215E93543D9}.Release|Any CPU.ActiveCfg = Release|Any CPU
		{32513494-D3BC-4BE2-A5D0-C215E93543D9}.Release|Any CPU.Build.0 = Release|Any CPU
		{A0A28753-18F5-4D4E-BBD4-0E1EF968EA3E}.Debug Production|Any CPU.ActiveCfg = Debug|Any CPU
		{A0A28753-18F5-4D4E-BBD4-0E1EF968EA3E}.Debug Production|Any CPU.Build.0 = Debug|Any CPU
		{A0A28753-18F5-4D4E-BBD4-0E1EF968EA3E}.Debug|Any CPU.ActiveCfg = Debug|Any CPU
		{A0A28753-18F5-4D4E-BBD4-0E1EF968EA3E}.Debug|Any CPU.Build.0 = Debug|Any CPU
		{A0A28753-18F5-4D4E-BBD4-0E1EF968EA3E}.Prod|Any CPU.ActiveCfg = Debug|Any CPU
		{A0A28753-18F5-4D4E-BBD4-0E1EF968EA3E}.Prod|Any CPU.Build.0 = Debug|Any CPU
		{A0A28753-18F5-4D4E-BBD4-0E1EF968EA3E}.Release|Any CPU.ActiveCfg = Release|Any CPU
		{A0A28753-18F5-4D4E-BBD4-0E1EF968EA3E}.Release|Any CPU.Build.0 = Release|Any CPU
		{7B1146A0-2600-4D64-BF87-39CFA6277988}.Debug Production|Any CPU.ActiveCfg = Debug|Any CPU
		{7B1146A0-2600-4D64-BF87-39CFA6277988}.Debug Production|Any CPU.Build.0 = Debug|Any CPU
		{7B1146A0-2600-4D64-BF87-39CFA6277988}.Debug|Any CPU.ActiveCfg = Debug|Any CPU
		{7B1146A0-2600-4D64-BF87-39CFA6277988}.Debug|Any CPU.Build.0 = Debug|Any CPU
		{7B1146A0-2600-4D64-BF87-39CFA6277988}.Prod|Any CPU.ActiveCfg = Debug|Any CPU
		{7B1146A0-2600-4D64-BF87-39CFA6277988}.Prod|Any CPU.Build.0 = Debug|Any CPU
		{7B1146A0-2600-4D64-BF87-39CFA6277988}.Release|Any CPU.ActiveCfg = Release|Any CPU
		{7B1146A0-2600-4D64-BF87-39CFA6277988}.Release|Any CPU.Build.0 = Release|Any CPU
		{0240005F-164B-4A65-AED5-87A3E705A7EB}.Debug Production|Any CPU.ActiveCfg = Debug|Any CPU
		{0240005F-164B-4A65-AED5-87A3E705A7EB}.Debug Production|Any CPU.Build.0 = Debug|Any CPU
		{0240005F-164B-4A65-AED5-87A3E705A7EB}.Debug|Any CPU.ActiveCfg = Debug|Any CPU
		{0240005F-164B-4A65-AED5-87A3E705A7EB}.Debug|Any CPU.Build.0 = Debug|Any CPU
		{0240005F-164B-4A65-AED5-87A3E705A7EB}.Prod|Any CPU.ActiveCfg = Debug|Any CPU
		{0240005F-164B-4A65-AED5-87A3E705A7EB}.Prod|Any CPU.Build.0 = Debug|Any CPU
		{0240005F-164B-4A65-AED5-87A3E705A7EB}.Release|Any CPU.ActiveCfg = Release|Any CPU
		{0240005F-164B-4A65-AED5-87A3E705A7EB}.Release|Any CPU.Build.0 = Release|Any CPU
		{BD95CA33-4DC7-4749-A1D2-B52FC79FAF0F}.Debug Production|Any CPU.ActiveCfg = Debug|Any CPU
		{BD95CA33-4DC7-4749-A1D2-B52FC79FAF0F}.Debug Production|Any CPU.Build.0 = Debug|Any CPU
		{BD95CA33-4DC7-4749-A1D2-B52FC79FAF0F}.Debug|Any CPU.ActiveCfg = Debug|Any CPU
		{BD95CA33-4DC7-4749-A1D2-B52FC79FAF0F}.Debug|Any CPU.Build.0 = Debug|Any CPU
		{BD95CA33-4DC7-4749-A1D2-B52FC79FAF0F}.Prod|Any CPU.ActiveCfg = Debug|Any CPU
		{BD95CA33-4DC7-4749-A1D2-B52FC79FAF0F}.Prod|Any CPU.Build.0 = Debug|Any CPU
		{BD95CA33-4DC7-4749-A1D2-B52FC79FAF0F}.Release|Any CPU.ActiveCfg = Release|Any CPU
		{BD95CA33-4DC7-4749-A1D2-B52FC79FAF0F}.Release|Any CPU.Build.0 = Release|Any CPU
		{9CE792F9-A85D-40FF-B7A0-EE631F3D556A}.Debug Production|Any CPU.ActiveCfg = Debug|Any CPU
		{9CE792F9-A85D-40FF-B7A0-EE631F3D556A}.Debug Production|Any CPU.Build.0 = Debug|Any CPU
		{9CE792F9-A85D-40FF-B7A0-EE631F3D556A}.Debug|Any CPU.ActiveCfg = Debug|Any CPU
		{9CE792F9-A85D-40FF-B7A0-EE631F3D556A}.Debug|Any CPU.Build.0 = Debug|Any CPU
		{9CE792F9-A85D-40FF-B7A0-EE631F3D556A}.Prod|Any CPU.ActiveCfg = Debug|Any CPU
		{9CE792F9-A85D-40FF-B7A0-EE631F3D556A}.Prod|Any CPU.Build.0 = Debug|Any CPU
		{9CE792F9-A85D-40FF-B7A0-EE631F3D556A}.Release|Any CPU.ActiveCfg = Release|Any CPU
		{9CE792F9-A85D-40FF-B7A0-EE631F3D556A}.Release|Any CPU.Build.0 = Release|Any CPU
		{38042D63-D1AD-4777-B556-E4DAA6343A2E}.Debug Production|Any CPU.ActiveCfg = Debug|Any CPU
		{38042D63-D1AD-4777-B556-E4DAA6343A2E}.Debug Production|Any CPU.Build.0 = Debug|Any CPU
		{38042D63-D1AD-4777-B556-E4DAA6343A2E}.Debug|Any CPU.ActiveCfg = Debug|Any CPU
		{38042D63-D1AD-4777-B556-E4DAA6343A2E}.Debug|Any CPU.Build.0 = Debug|Any CPU
		{38042D63-D1AD-4777-B556-E4DAA6343A2E}.Prod|Any CPU.ActiveCfg = Debug|Any CPU
		{38042D63-D1AD-4777-B556-E4DAA6343A2E}.Prod|Any CPU.Build.0 = Debug|Any CPU
		{38042D63-D1AD-4777-B556-E4DAA6343A2E}.Release|Any CPU.ActiveCfg = Release|Any CPU
		{38042D63-D1AD-4777-B556-E4DAA6343A2E}.Release|Any CPU.Build.0 = Release|Any CPU
		{B17EA6E0-F925-4B1C-BF04-DBE6589B06EF}.Debug Production|Any CPU.ActiveCfg = Debug|Any CPU
		{B17EA6E0-F925-4B1C-BF04-DBE6589B06EF}.Debug Production|Any CPU.Build.0 = Debug|Any CPU
		{B17EA6E0-F925-4B1C-BF04-DBE6589B06EF}.Debug|Any CPU.ActiveCfg = Debug|Any CPU
		{B17EA6E0-F925-4B1C-BF04-DBE6589B06EF}.Debug|Any CPU.Build.0 = Debug|Any CPU
		{B17EA6E0-F925-4B1C-BF04-DBE6589B06EF}.Prod|Any CPU.ActiveCfg = Debug|Any CPU
		{B17EA6E0-F925-4B1C-BF04-DBE6589B06EF}.Prod|Any CPU.Build.0 = Debug|Any CPU
		{B17EA6E0-F925-4B1C-BF04-DBE6589B06EF}.Release|Any CPU.ActiveCfg = Release|Any CPU
		{B17EA6E0-F925-4B1C-BF04-DBE6589B06EF}.Release|Any CPU.Build.0 = Release|Any CPU
		{FAF0C8EA-106B-4F2A-814C-8968AC2885C5}.Debug Production|Any CPU.ActiveCfg = Debug|Any CPU
		{FAF0C8EA-106B-4F2A-814C-8968AC2885C5}.Debug Production|Any CPU.Build.0 = Debug|Any CPU
		{FAF0C8EA-106B-4F2A-814C-8968AC2885C5}.Debug|Any CPU.ActiveCfg = Debug|Any CPU
		{FAF0C8EA-106B-4F2A-814C-8968AC2885C5}.Debug|Any CPU.Build.0 = Debug|Any CPU
		{FAF0C8EA-106B-4F2A-814C-8968AC2885C5}.Prod|Any CPU.ActiveCfg = Debug|Any CPU
		{FAF0C8EA-106B-4F2A-814C-8968AC2885C5}.Prod|Any CPU.Build.0 = Debug|Any CPU
		{FAF0C8EA-106B-4F2A-814C-8968AC2885C5}.Release|Any CPU.ActiveCfg = Release|Any CPU
		{FAF0C8EA-106B-4F2A-814C-8968AC2885C5}.Release|Any CPU.Build.0 = Release|Any CPU
		{EBFF0AD8-D89A-4BDD-895C-699F4C3E91BF}.Debug Production|Any CPU.ActiveCfg = Debug|Any CPU
		{EBFF0AD8-D89A-4BDD-895C-699F4C3E91BF}.Debug Production|Any CPU.Build.0 = Debug|Any CPU
		{EBFF0AD8-D89A-4BDD-895C-699F4C3E91BF}.Debug|Any CPU.ActiveCfg = Debug|Any CPU
		{EBFF0AD8-D89A-4BDD-895C-699F4C3E91BF}.Debug|Any CPU.Build.0 = Debug|Any CPU
		{EBFF0AD8-D89A-4BDD-895C-699F4C3E91BF}.Prod|Any CPU.ActiveCfg = Debug|Any CPU
		{EBFF0AD8-D89A-4BDD-895C-699F4C3E91BF}.Prod|Any CPU.Build.0 = Debug|Any CPU
		{EBFF0AD8-D89A-4BDD-895C-699F4C3E91BF}.Release|Any CPU.ActiveCfg = Release|Any CPU
		{EBFF0AD8-D89A-4BDD-895C-699F4C3E91BF}.Release|Any CPU.Build.0 = Release|Any CPU
		{E1C134F6-B5DE-4956-B8F3-53E93A67D0B7}.Debug Production|Any CPU.ActiveCfg = Debug|Any CPU
		{E1C134F6-B5DE-4956-B8F3-53E93A67D0B7}.Debug Production|Any CPU.Build.0 = Debug|Any CPU
		{E1C134F6-B5DE-4956-B8F3-53E93A67D0B7}.Debug|Any CPU.ActiveCfg = Debug|Any CPU
		{E1C134F6-B5DE-4956-B8F3-53E93A67D0B7}.Debug|Any CPU.Build.0 = Debug|Any CPU
		{E1C134F6-B5DE-4956-B8F3-53E93A67D0B7}.Prod|Any CPU.ActiveCfg = Debug|Any CPU
		{E1C134F6-B5DE-4956-B8F3-53E93A67D0B7}.Prod|Any CPU.Build.0 = Debug|Any CPU
		{E1C134F6-B5DE-4956-B8F3-53E93A67D0B7}.Release|Any CPU.ActiveCfg = Release|Any CPU
		{E1C134F6-B5DE-4956-B8F3-53E93A67D0B7}.Release|Any CPU.Build.0 = Release|Any CPU
		{86BCCC30-7679-45D1-9D7E-1B81B8931D8A}.Debug Production|Any CPU.ActiveCfg = Debug|Any CPU
		{86BCCC30-7679-45D1-9D7E-1B81B8931D8A}.Debug Production|Any CPU.Build.0 = Debug|Any CPU
		{86BCCC30-7679-45D1-9D7E-1B81B8931D8A}.Debug|Any CPU.ActiveCfg = Debug|Any CPU
		{86BCCC30-7679-45D1-9D7E-1B81B8931D8A}.Debug|Any CPU.Build.0 = Debug|Any CPU
		{86BCCC30-7679-45D1-9D7E-1B81B8931D8A}.Prod|Any CPU.ActiveCfg = Debug|Any CPU
		{86BCCC30-7679-45D1-9D7E-1B81B8931D8A}.Prod|Any CPU.Build.0 = Debug|Any CPU
		{86BCCC30-7679-45D1-9D7E-1B81B8931D8A}.Release|Any CPU.ActiveCfg = Release|Any CPU
		{86BCCC30-7679-45D1-9D7E-1B81B8931D8A}.Release|Any CPU.Build.0 = Release|Any CPU
		{62029C2D-0CF5-4416-8374-2810637DAA53}.Debug Production|Any CPU.ActiveCfg = Debug|Any CPU
		{62029C2D-0CF5-4416-8374-2810637DAA53}.Debug Production|Any CPU.Build.0 = Debug|Any CPU
		{62029C2D-0CF5-4416-8374-2810637DAA53}.Debug|Any CPU.ActiveCfg = Debug|Any CPU
		{62029C2D-0CF5-4416-8374-2810637DAA53}.Debug|Any CPU.Build.0 = Debug|Any CPU
		{62029C2D-0CF5-4416-8374-2810637DAA53}.Prod|Any CPU.ActiveCfg = Prod|Any CPU
		{62029C2D-0CF5-4416-8374-2810637DAA53}.Prod|Any CPU.Build.0 = Prod|Any CPU
		{62029C2D-0CF5-4416-8374-2810637DAA53}.Release|Any CPU.ActiveCfg = Release|Any CPU
		{62029C2D-0CF5-4416-8374-2810637DAA53}.Release|Any CPU.Build.0 = Release|Any CPU
		{23C70FA5-5A86-4A31-8E64-D7250B01DE79}.Debug Production|Any CPU.ActiveCfg = Debug|Any CPU
		{23C70FA5-5A86-4A31-8E64-D7250B01DE79}.Debug Production|Any CPU.Build.0 = Debug|Any CPU
		{23C70FA5-5A86-4A31-8E64-D7250B01DE79}.Debug|Any CPU.ActiveCfg = Debug|Any CPU
		{23C70FA5-5A86-4A31-8E64-D7250B01DE79}.Debug|Any CPU.Build.0 = Debug|Any CPU
		{23C70FA5-5A86-4A31-8E64-D7250B01DE79}.Prod|Any CPU.ActiveCfg = Debug|Any CPU
		{23C70FA5-5A86-4A31-8E64-D7250B01DE79}.Prod|Any CPU.Build.0 = Debug|Any CPU
		{23C70FA5-5A86-4A31-8E64-D7250B01DE79}.Release|Any CPU.ActiveCfg = Release|Any CPU
		{23C70FA5-5A86-4A31-8E64-D7250B01DE79}.Release|Any CPU.Build.0 = Release|Any CPU
		{EF1D64A2-DA51-47D2-AC8A-985D57962907}.Debug Production|Any CPU.ActiveCfg = Debug|Any CPU
		{EF1D64A2-DA51-47D2-AC8A-985D57962907}.Debug Production|Any CPU.Build.0 = Debug|Any CPU
		{EF1D64A2-DA51-47D2-AC8A-985D57962907}.Debug|Any CPU.ActiveCfg = Debug|Any CPU
		{EF1D64A2-DA51-47D2-AC8A-985D57962907}.Debug|Any CPU.Build.0 = Debug|Any CPU
		{EF1D64A2-DA51-47D2-AC8A-985D57962907}.Prod|Any CPU.ActiveCfg = Debug|Any CPU
		{EF1D64A2-DA51-47D2-AC8A-985D57962907}.Prod|Any CPU.Build.0 = Debug|Any CPU
		{EF1D64A2-DA51-47D2-AC8A-985D57962907}.Release|Any CPU.ActiveCfg = Release|Any CPU
		{EF1D64A2-DA51-47D2-AC8A-985D57962907}.Release|Any CPU.Build.0 = Release|Any CPU
	EndGlobalSection
	GlobalSection(SolutionProperties) = preSolution
		HideSolutionNode = FALSE
	EndGlobalSection
	GlobalSection(NestedProjects) = preSolution
		{A222E396-C9AC-40A7-B7BF-51DF28F0AA40} = {A6B86DE2-3707-474F-8261-C7A989FEA72E}
		{0BAD6EF4-1C14-4EFB-953F-8D589E3DDBEF} = {A6B86DE2-3707-474F-8261-C7A989FEA72E}
		{9A4C7FDF-4F78-4116-AE9F-06BE80E9FD4D} = {A6B86DE2-3707-474F-8261-C7A989FEA72E}
		{791FA2EE-F808-47C8-9F53-DE6282158541} = {A6B86DE2-3707-474F-8261-C7A989FEA72E}
		{0AA3DE1A-28D4-4736-9345-EAE35EE7D8BD} = {A6B86DE2-3707-474F-8261-C7A989FEA72E}
		{D688D8BF-216E-4E20-AD12-A5D1BDBF033C} = {A6B86DE2-3707-474F-8261-C7A989FEA72E}
		{32513494-D3BC-4BE2-A5D0-C215E93543D9} = {A6B86DE2-3707-474F-8261-C7A989FEA72E}
		{A0A28753-18F5-4D4E-BBD4-0E1EF968EA3E} = {A6B86DE2-3707-474F-8261-C7A989FEA72E}
		{7B1146A0-2600-4D64-BF87-39CFA6277988} = {E00CDA05-DD21-4A38-BE55-26925EE8E446}
		{0240005F-164B-4A65-AED5-87A3E705A7EB} = {E00CDA05-DD21-4A38-BE55-26925EE8E446}
		{BD95CA33-4DC7-4749-A1D2-B52FC79FAF0F} = {E00CDA05-DD21-4A38-BE55-26925EE8E446}
		{9CE792F9-A85D-40FF-B7A0-EE631F3D556A} = {E00CDA05-DD21-4A38-BE55-26925EE8E446}
		{38042D63-D1AD-4777-B556-E4DAA6343A2E} = {E00CDA05-DD21-4A38-BE55-26925EE8E446}
		{B17EA6E0-F925-4B1C-BF04-DBE6589B06EF} = {E00CDA05-DD21-4A38-BE55-26925EE8E446}
		{FAF0C8EA-106B-4F2A-814C-8968AC2885C5} = {E00CDA05-DD21-4A38-BE55-26925EE8E446}
		{E1C134F6-B5DE-4956-B8F3-53E93A67D0B7} = {6C5F2803-8BBC-4011-A8F8-F59571324A93}
		{86BCCC30-7679-45D1-9D7E-1B81B8931D8A} = {6C5F2803-8BBC-4011-A8F8-F59571324A93}
		{EF1D64A2-DA51-47D2-AC8A-985D57962907} = {1FE25880-184B-467A-95F5-10E8D8E8EA2A}
	EndGlobalSection
	GlobalSection(ExtensibilityGlobals) = postSolution
		SolutionGuid = {75D94EA5-77C7-4681-B177-59AEFFAA0F6F}
	EndGlobalSection
EndGlobal
